
Microsoft Visual Studio Solution File, Format Version 12.00
# Visual Studio 15
VisualStudioVersion = 15.0.27004.2006
MinimumVisualStudioVersion = 10.0.40219.1
Project("{FAE04EC0-301F-11D3-BF4B-00C04F79EFBC}") = "MediatR.Plugins", "MediatR.Plugins\MediatR.Plugins.csproj", "{4C3CA8B4-B2B9-474E-BFC2-54B635F259B1}"
EndProject
Project("{FAE04EC0-301F-11D3-BF4B-00C04F79EFBC}") = "MediatR.Plugins.Tests", "MediatR.Plugins.Tests\MediatR.Plugins.Tests.csproj", "{0162F24E-38E4-42EA-9E6C-5B1874A78C1C}"
EndProject
Global
	GlobalSection(SolutionConfigurationPlatforms) = preSolution
		Debug|Any CPU = Debug|Any CPU
		Release|Any CPU = Release|Any CPU
	EndGlobalSection
	GlobalSection(ProjectConfigurationPlatforms) = postSolution
		{4C3CA8B4-B2B9-474E-BFC2-54B635F259B1}.Debug|Any CPU.ActiveCfg = Debug|Any CPU
		{4C3CA8B4-B2B9-474E-BFC2-54B635F259B1}.Debug|Any CPU.Build.0 = Debug|Any CPU
		{4C3CA8B4-B2B9-474E-BFC2-54B635F259B1}.Release|Any CPU.ActiveCfg = Release|Any CPU
		{4C3CA8B4-B2B9-474E-BFC2-54B635F259B1}.Release|Any CPU.Build.0 = Release|Any CPU
		{0162F24E-38E4-42EA-9E6C-5B1874A78C1C}.Debug|Any CPU.ActiveCfg = Debug|Any CPU
		{0162F24E-38E4-42EA-9E6C-5B1874A78C1C}.Debug|Any CPU.Build.0 = Debug|Any CPU
		{0162F24E-38E4-42EA-9E6C-5B1874A78C1C}.Release|Any CPU.ActiveCfg = Release|Any CPU
		{0162F24E-38E4-42EA-9E6C-5B1874A78C1C}.Release|Any CPU.Build.0 = Release|Any CPU
	EndGlobalSection
	GlobalSection(SolutionProperties) = preSolution
		HideSolutionNode = FALSE
	EndGlobalSection
	GlobalSection(ExtensibilityGlobals) = postSolution
		SolutionGuid = {93489E19-9D58-42D4-85C3-262D21CCC76A}
	EndGlobalSection
EndGlobal
